{
  "markbot": "f30382362c8f19fcf115bf5e588d2c5de1e8476e1e80c1dba5df9682657147ed",
  "markbotignore": "030a4e6e1b3b6b510514a7ae54576e2c2ef762d56236c6414ef634955d96a126",
  "index-400.png": "c1ac524174ab3ff2d504922849cf20b631a821d044279f600c052fe4b774a36a",
  "index-650.png": "b2678c878c39085e70f06740b2e19d969b27ff618ce13bc643146a2d8f2cfbed"
}