{
  "markbot": "f30382362c8f19fcf115bf5e588d2c5de1e8476e1e80c1dba5df9682657147ed",
  "markbotignore": "030a4e6e1b3b6b510514a7ae54576e2c2ef762d56236c6414ef634955d96a126",
  "index-400.png": "b815659f48f92a9efb1b12e34f1903ca029f7b1c7f3d96600e157350414f98c1",
  "index-650.png": "fccdd047b48daf1ec0a0eb3637ba6e26af7637425e4d91d30ce7cc286e7d6744"
}